
Microsoft Visual Studio Solution File, Format Version 12.00
# Visual Studio Version 17
VisualStudioVersion = 17.4.33205.214
MinimumVisualStudioVersion = 10.0.40219.1
Project("{FAE04EC0-301F-11D3-BF4B-00C04F79EFBC}") = "CPRG211E_Person_Lab", "CPRG211E_Person_Lab.csproj", "{3B66470C-0247-475B-BC43-02FBE7826EA6}"
EndProject
Global
	GlobalSection(SolutionConfigurationPlatforms) = preSolution
		Debug|Any CPU = Debug|Any CPU
		Release|Any CPU = Release|Any CPU
	EndGlobalSection
	GlobalSection(ProjectConfigurationPlatforms) = postSolution
		{3B66470C-0247-475B-BC43-02FBE7826EA6}.Debug|Any CPU.ActiveCfg = Debug|Any CPU
		{3B66470C-0247-475B-BC43-02FBE7826EA6}.Debug|Any CPU.Build.0 = Debug|Any CPU
		{3B66470C-0247-475B-BC43-02FBE7826EA6}.Release|Any CPU.ActiveCfg = Release|Any CPU
		{3B66470C-0247-475B-BC43-02FBE7826EA6}.Release|Any CPU.Build.0 = Release|Any CPU
	EndGlobalSection
	GlobalSection(SolutionProperties) = preSolution
		HideSolutionNode = FALSE
	EndGlobalSection
	GlobalSection(ExtensibilityGlobals) = postSolution
		SolutionGuid = {41DC5959-F811-4701-AED4-B91311C16D5B}
	EndGlobalSection
EndGlobal
